Microsoft Visual Studio Solution File, Format Version 12.00
# Visual Studio Version 17
VisualStudioVersion = 17.5.2.0
MinimumVisualStudioVersion = 10.0.40219.1
Project("{FAE04EC0-301F-11D3-BF4B-00C04F79EFBC}") = "microsoft-exercisesv4", "microsoft-exercisesv4.csproj", "{9BF0C2B5-84E9-DEB9-43DA-6AD1DF7D7F2B}"
EndProject
Global
	GlobalSection(SolutionConfigurationPlatforms) = preSolution
		Debug|Any CPU = Debug|Any CPU
		Release|Any CPU = Release|Any CPU
	EndGlobalSection
	GlobalSection(ProjectConfigurationPlatforms) = postSolution
		{9BF0C2B5-84E9-DEB9-43DA-6AD1DF7D7F2B}.Debug|Any CPU.ActiveCfg = Debug|Any CPU
		{9BF0C2B5-84E9-DEB9-43DA-6AD1DF7D7F2B}.Debug|Any CPU.Build.0 = Debug|Any CPU
		{9BF0C2B5-84E9-DEB9-43DA-6AD1DF7D7F2B}.Release|Any CPU.ActiveCfg = Release|Any CPU
		{9BF0C2B5-84E9-DEB9-43DA-6AD1DF7D7F2B}.Release|Any CPU.Build.0 = Release|Any CPU
	EndGlobalSection
	GlobalSection(SolutionProperties) = preSolution
		HideSolutionNode = FALSE
	EndGlobalSection
	GlobalSection(ExtensibilityGlobals) = postSolution
		SolutionGuid = {E2CC8055-85FB-4EFC-B960-1199F4C00AFA}
	EndGlobalSection
EndGlobal
